
Microsoft Visual Studio Solution File, Format Version 12.00
# Visual Studio Version 17
VisualStudioVersion = 17.1.32328.378
MinimumVisualStudioVersion = 10.0.40219.1
Project("{9A19103F-16F7-4668-BE54-9A1E7A4F7556}") = "ProiectSoftbinator", "ProiectSoftbinator\ProiectSoftbinator.csproj", "{79976076-D7A5-431F-88AE-90FE6D0DF54F}"
EndProject
Project("{9A19103F-16F7-4668-BE54-9A1E7A4F7556}") = "ProiectSoftbinator.Services", "ProiectSoftbinator.Services\ProiectSoftbinator.Services.csproj", "{7F829A48-0DF2-4CEA-9DC5-FCBD5D07F2D8}"
EndProject
Project("{9A19103F-16F7-4668-BE54-9A1E7A4F7556}") = "ProiectSoftbinator.EN", "ProiectSoftbinator.EN\ProiectSoftbinator.EN.csproj", "{0798C8E7-41A6-4015-B6E6-7B2330F23D30}"
EndProject
Global
	GlobalSection(SolutionConfigurationPlatforms) = preSolution
		Debug|Any CPU = Debug|Any CPU
		Release|Any CPU = Release|Any CPU
	EndGlobalSection
	GlobalSection(ProjectConfigurationPlatforms) = postSolution
		{79976076-D7A5-431F-88AE-90FE6D0DF54F}.Debug|Any CPU.ActiveCfg = Debug|Any CPU
		{79976076-D7A5-431F-88AE-90FE6D0DF54F}.Debug|Any CPU.Build.0 = Debug|Any CPU
		{79976076-D7A5-431F-88AE-90FE6D0DF54F}.Release|Any CPU.ActiveCfg = Release|Any CPU
		{79976076-D7A5-431F-88AE-90FE6D0DF54F}.Release|Any CPU.Build.0 = Release|Any CPU
		{7F829A48-0DF2-4CEA-9DC5-FCBD5D07F2D8}.Debug|Any CPU.ActiveCfg = Debug|Any CPU
		{7F829A48-0DF2-4CEA-9DC5-FCBD5D07F2D8}.Debug|Any CPU.Build.0 = Debug|Any CPU
		{7F829A48-0DF2-4CEA-9DC5-FCBD5D07F2D8}.Release|Any CPU.ActiveCfg = Release|Any CPU
		{7F829A48-0DF2-4CEA-9DC5-FCBD5D07F2D8}.Release|Any CPU.Build.0 = Release|Any CPU
		{0798C8E7-41A6-4015-B6E6-7B2330F23D30}.Debug|Any CPU.ActiveCfg = Debug|Any CPU
		{0798C8E7-41A6-4015-B6E6-7B2330F23D30}.Debug|Any CPU.Build.0 = Debug|Any CPU
		{0798C8E7-41A6-4015-B6E6-7B2330F23D30}.Release|Any CPU.ActiveCfg = Release|Any CPU
		{0798C8E7-41A6-4015-B6E6-7B2330F23D30}.Release|Any CPU.Build.0 = Release|Any CPU
	EndGlobalSection
	GlobalSection(SolutionProperties) = preSolution
		HideSolutionNode = FALSE
	EndGlobalSection
	GlobalSection(ExtensibilityGlobals) = postSolution
		SolutionGuid = {4BD27F37-6E4E-4BB8-BAED-DCC830811824}
	EndGlobalSection
EndGlobal
